// !$*UTF8*$!
{
	archiveVersion = 1;
	classes = {
	};
	objectVersion = 48;
	objects = {

/* Begin PBXBuildFile section */
		D042418E8542D5BBC8512686 /* Pods_Zemoga.framework in Frameworks */ = {isa = PBXBuildFile; fileRef = 8C612B38B66808C416DFCCF0 /* Pods_Zemoga.framework */; };
		DD0C024E205754C8007B8DC1 /* AppDelegate.swift in Sources */ = {isa = PBXBuildFile; fileRef = DD0C024D205754C8007B8DC1 /* AppDelegate.swift */; };
		DD0C0250205754C8007B8DC1 /* ViewController.swift in Sources */ = {isa = PBXBuildFile; fileRef = DD0C024F205754C8007B8DC1 /* ViewController.swift */; };
		DD0C0255205754C8007B8DC1 /* Assets.xcassets in Resources */ = {isa = PBXBuildFile; fileRef = DD0C0254205754C8007B8DC1 /* Assets.xcassets */; };
		DD0C0258205754C8007B8DC1 /* LaunchScreen.storyboard in Resources */ = {isa = PBXBuildFile; fileRef = DD0C0256205754C8007B8DC1 /* LaunchScreen.storyboard */; };
		DD963DD62057628B00A9CC91 /* Constants.swift in Sources */ = {isa = PBXBuildFile; fileRef = DD963DD52057628B00A9CC91 /* Constants.swift */; };
		DD963DDB2057645E00A9CC91 /* PostsViewController.swift in Sources */ = {isa = PBXBuildFile; fileRef = DD963DD92057645E00A9CC91 /* PostsViewController.swift */; };
		DD963DDC2057645E00A9CC91 /* PostsViewController.xib in Resources */ = {isa = PBXBuildFile; fileRef = DD963DDA2057645E00A9CC91 /* PostsViewController.xib */; };
		DD963DDF205764F000A9CC91 /* PostsAPI.swift in Sources */ = {isa = PBXBuildFile; fileRef = DD963DDE205764F000A9CC91 /* PostsAPI.swift */; };
		DD963DE12057652C00A9CC91 /* Post.swift in Sources */ = {isa = PBXBuildFile; fileRef = DD963DE02057652C00A9CC91 /* Post.swift */; };
		DD963DE32057663500A9CC91 /* User.swift in Sources */ = {isa = PBXBuildFile; fileRef = DD963DE22057663500A9CC91 /* User.swift */; };
/* End PBXBuildFile section */

/* Begin PBXFileReference section */
		8C612B38B66808C416DFCCF0 /* Pods_Zemoga.framework */ = {isa = PBXFileReference; explicitFileType = wrapper.framework; includeInIndex = 0; path = Pods_Zemoga.framework; sourceTree = BUILT_PRODUCTS_DIR; };
		D11CA0D63293ECBE982B7098 /* Pods-Zemoga.release.xcconfig */ = {isa = PBXFileReference; includeInIndex = 1; lastKnownFileType = text.xcconfig; name = "Pods-Zemoga.release.xcconfig"; path = "Pods/Target Support Files/Pods-Zemoga/Pods-Zemoga.release.xcconfig"; sourceTree = "<group>"; };
		DD0C024A205754C8007B8DC1 /* Zemoga.app */ = {isa = PBXFileReference; explicitFileType = wrapper.application; includeInIndex = 0; path = Zemoga.app; sourceTree = BUILT_PRODUCTS_DIR; };
		DD0C024D205754C8007B8DC1 /* AppDelegate.swift */ = {isa = PBXFileReference; lastKnownFileType = sourcecode.swift; path = AppDelegate.swift; sourceTree = "<group>"; };
		DD0C024F205754C8007B8DC1 /* ViewController.swift */ = {isa = PBXFileReference; lastKnownFileType = sourcecode.swift; path = ViewController.swift; sourceTree = "<group>"; };
		DD0C0254205754C8007B8DC1 /* Assets.xcassets */ = {isa = PBXFileReference; lastKnownFileType = folder.assetcatalog; path = Assets.xcassets; sourceTree = "<group>"; };
		DD0C0257205754C8007B8DC1 /* Base */ = {isa = PBXFileReference; lastKnownFileType = file.storyboard; name = Base; path = Base.lproj/LaunchScreen.storyboard; sourceTree = "<group>"; };
		DD0C0259205754C8007B8DC1 /* Info.plist */ = {isa = PBXFileReference; lastKnownFileType = text.plist.xml; path = Info.plist; sourceTree = "<group>"; };
		DD963DD52057628B00A9CC91 /* Constants.swift */ = {isa = PBXFileReference; lastKnownFileType = sourcecode.swift; path = Constants.swift; sourceTree = "<group>"; };
		DD963DD92057645E00A9CC91 /* PostsViewController.swift */ = {isa = PBXFileReference; lastKnownFileType = sourcecode.swift; path = PostsViewController.swift; sourceTree = "<group>"; };
		DD963DDA2057645E00A9CC91 /* PostsViewController.xib */ = {isa = PBXFileReference; lastKnownFileType = file.xib; path = PostsViewController.xib; sourceTree = "<group>"; };
		DD963DDE205764F000A9CC91 /* PostsAPI.swift */ = {isa = PBXFileReference; lastKnownFileType = sourcecode.swift; path = PostsAPI.swift; sourceTree = "<group>"; };
		DD963DE02057652C00A9CC91 /* Post.swift */ = {isa = PBXFileReference; lastKnownFileType = sourcecode.swift; path = Post.swift; sourceTree = "<group>"; };
		DD963DE22057663500A9CC91 /* User.swift */ = {isa = PBXFileReference; lastKnownFileType = sourcecode.swift; path = User.swift; sourceTree = "<group>"; };
		EAB180AC9E5072972A06E1D7 /* Pods-Zemoga.debug.xcconfig */ = {isa = PBXFileReference; includeInIndex = 1; lastKnownFileType = text.xcconfig; name = "Pods-Zemoga.debug.xcconfig"; path = "Pods/Target Support Files/Pods-Zemoga/Pods-Zemoga.debug.xcconfig"; sourceTree = "<group>"; };
/* End PBXFileReference section */

/* Begin PBXFrameworksBuildPhase section */
		DD0C0247205754C8007B8DC1 /* Frameworks */ = {
			isa = PBXFrameworksBuildPhase;
			buildActionMask = 2147483647;
			files = (
				D042418E8542D5BBC8512686 /* Pods_Zemoga.framework in Frameworks */,
			);
			runOnlyForDeploymentPostprocessing = 0;
		};
/* End PBXFrameworksBuildPhase section */

/* Begin PBXGroup section */
		00D4B746281063CCFF4123A6 /* Frameworks */ = {
			isa = PBXGroup;
			children = (
				8C612B38B66808C416DFCCF0 /* Pods_Zemoga.framework */,
			);
			name = Frameworks;
			sourceTree = "<group>";
		};
		594A56CD15863382B931F82B /* Pods */ = {
			isa = PBXGroup;
			children = (
				EAB180AC9E5072972A06E1D7 /* Pods-Zemoga.debug.xcconfig */,
				D11CA0D63293ECBE982B7098 /* Pods-Zemoga.release.xcconfig */,
			);
			name = Pods;
			sourceTree = "<group>";
		};
		DD0C0241205754C8007B8DC1 = {
			isa = PBXGroup;
			children = (
				DD0C024C205754C8007B8DC1 /* Zemoga */,
				DD0C024B205754C8007B8DC1 /* Products */,
				594A56CD15863382B931F82B /* Pods */,
				00D4B746281063CCFF4123A6 /* Frameworks */,
			);
			sourceTree = "<group>";
		};
		DD0C024B205754C8007B8DC1 /* Products */ = {
			isa = PBXGroup;
			children = (
				DD0C024A205754C8007B8DC1 /* Zemoga.app */,
			);
			name = Products;
			sourceTree = "<group>";
		};
		DD0C024C205754C8007B8DC1 /* Zemoga */ = {
			isa = PBXGroup;
			children = (
				DD963DD7205762B600A9CC91 /* API */,
				DD963DD8205762CD00A9CC91 /* Models */,
				DD963DD42057627E00A9CC91 /* Resources */,
				DD963DD32057625700A9CC91 /* ViewControllers */,
				DD0C024D205754C8007B8DC1 /* AppDelegate.swift */,
				DD0C024F205754C8007B8DC1 /* ViewController.swift */,
				DD0C0256205754C8007B8DC1 /* LaunchScreen.storyboard */,
				DD0C0259205754C8007B8DC1 /* Info.plist */,
			);
			path = Zemoga;
			sourceTree = "<group>";
		};
		DD963DD32057625700A9CC91 /* ViewControllers */ = {
			isa = PBXGroup;
			children = (
				DD963DDD2057646400A9CC91 /* Posts */,
			);
			path = ViewControllers;
			sourceTree = "<group>";
		};
		DD963DD42057627E00A9CC91 /* Resources */ = {
			isa = PBXGroup;
			children = (
				DD0C0254205754C8007B8DC1 /* Assets.xcassets */,
				DD963DD52057628B00A9CC91 /* Constants.swift */,
			);
			path = Resources;
			sourceTree = "<group>";
		};
		DD963DD7205762B600A9CC91 /* API */ = {
			isa = PBXGroup;
			children = (
				DD963DDE205764F000A9CC91 /* PostsAPI.swift */,
			);
			path = API;
			sourceTree = "<group>";
		};
		DD963DD8205762CD00A9CC91 /* Models */ = {
			isa = PBXGroup;
			children = (
				DD963DE02057652C00A9CC91 /* Post.swift */,
				DD963DE22057663500A9CC91 /* User.swift */,
			);
			path = Models;
			sourceTree = "<group>";
		};
		DD963DDD2057646400A9CC91 /* Posts */ = {
			isa = PBXGroup;
			children = (
				DD963DD92057645E00A9CC91 /* PostsViewController.swift */,
				DD963DDA2057645E00A9CC91 /* PostsViewController.xib */,
			);
			path = Posts;
			sourceTree = "<group>";
		};
/* End PBXGroup section */

/* Begin PBXNativeTarget section */
		DD0C0249205754C8007B8DC1 /* Zemoga */ = {
			isa = PBXNativeTarget;
			buildConfigurationList = DD0C025C205754C8007B8DC1 /* Build configuration list for PBXNativeTarget "Zemoga" */;
			buildPhases = (
				056438F3BE544C182893E57D /* [CP] Check Pods Manifest.lock */,
				DD0C0246205754C8007B8DC1 /* Sources */,
				DD0C0247205754C8007B8DC1 /* Frameworks */,
				DD0C0248205754C8007B8DC1 /* Resources */,
				65DCEC9C84312E4BA1E9291F /* [CP] Embed Pods Frameworks */,
				D2829338F71B2FE6500F624B /* [CP] Copy Pods Resources */,
			);
			buildRules = (
			);
			dependencies = (
			);
			name = Zemoga;
			productName = Zemoga;
			productReference = DD0C024A205754C8007B8DC1 /* Zemoga.app */;
			productType = "com.apple.product-type.application";
		};
/* End PBXNativeTarget section */

/* Begin PBXProject section */
		DD0C0242205754C8007B8DC1 /* Project object */ = {
			isa = PBXProject;
			attributes = {
				LastSwiftUpdateCheck = 0920;
				LastUpgradeCheck = 0920;
				ORGANIZATIONNAME = "Miguel Roncallo";
				TargetAttributes = {
					DD0C0249205754C8007B8DC1 = {
						CreatedOnToolsVersion = 9.2;
						ProvisioningStyle = Automatic;
					};
				};
			};
			buildConfigurationList = DD0C0245205754C8007B8DC1 /* Build configuration list for PBXProject "Zemoga" */;
			compatibilityVersion = "Xcode 8.0";
			developmentRegion = en;
			hasScannedForEncodings = 0;
			knownRegions = (
				en,
				Base,
			);
			mainGroup = DD0C0241205754C8007B8DC1;
			productRefGroup = DD0C024B205754C8007B8DC1 /* Products */;
			projectDirPath = "";
			projectRoot = "";
			targets = (
				DD0C0249205754C8007B8DC1 /* Zemoga */,
			);
		};
/* End PBXProject section */

/* Begin PBXResourcesBuildPhase section */
		DD0C0248205754C8007B8DC1 /* Resources */ = {
			isa = PBXResourcesBuildPhase;
			buildActionMask = 2147483647;
			files = (
				DD0C0258205754C8007B8DC1 /* LaunchScreen.storyboard in Resources */,
				DD0C0255205754C8007B8DC1 /* Assets.xcassets in Resources */,
				DD963DDC2057645E00A9CC91 /* PostsViewController.xib in Resources */,
			);
			runOnlyForDeploymentPostprocessing = 0;
		};
/* End PBXResourcesBuildPhase section */

/* Begin PBXShellScriptBuildPhase section */
		056438F3BE544C182893E57D /* [CP] Check Pods Manifest.lock */ = {
			isa = PBXShellScriptBuildPhase;
			buildActionMask = 2147483647;
			files = (
			);
			inputPaths = (
			);
			name = "[CP] Check Pods Manifest.lock";
			outputPaths = (
			);
			runOnlyForDeploymentPostprocessing = 0;
			shellPath = /bin/sh;
			shellScript = "diff \"${PODS_PODFILE_DIR_PATH}/Podfile.lock\" \"${PODS_ROOT}/Manifest.lock\" > /dev/null\nif [ $? != 0 ] ; then\n    # print error to STDERR\n    echo \"error: The sandbox is not in sync with the Podfile.lock. Run 'pod install' or update your CocoaPods installation.\" >&2\n    exit 1\nfi\n";
			showEnvVarsInLog = 0;
		};
		65DCEC9C84312E4BA1E9291F /* [CP] Embed Pods Frameworks */ = {
			isa = PBXShellScriptBuildPhase;
			buildActionMask = 2147483647;
			files = (
			);
			inputPaths = (
			);
			name = "[CP] Embed Pods Frameworks";
			outputPaths = (
			);
			runOnlyForDeploymentPostprocessing = 0;
			shellPath = /bin/sh;
			shellScript = "\"${SRCROOT}/Pods/Target Support Files/Pods-Zemoga/Pods-Zemoga-frameworks.sh\"\n";
			showEnvVarsInLog = 0;
		};
		D2829338F71B2FE6500F624B /* [CP] Copy Pods Resources */ = {
			isa = PBXShellScriptBuildPhase;
			buildActionMask = 2147483647;
			files = (
			);
			inputPaths = (
			);
			name = "[CP] Copy Pods Resources";
			outputPaths = (
			);
			runOnlyForDeploymentPostprocessing = 0;
			shellPath = /bin/sh;
			shellScript = "\"${SRCROOT}/Pods/Target Support Files/Pods-Zemoga/Pods-Zemoga-resources.sh\"\n";
			showEnvVarsInLog = 0;
		};
/* End PBXShellScriptBuildPhase section */

/* Begin PBXSourcesBuildPhase section */
		DD0C0246205754C8007B8DC1 /* Sources */ = {
			isa = PBXSourcesBuildPhase;
			buildActionMask = 2147483647;
			files = (
				DD963DDB2057645E00A9CC91 /* PostsViewController.swift in Sources */,
				DD0C0250205754C8007B8DC1 /* ViewController.swift in Sources */,
				DD0C024E205754C8007B8DC1 /* AppDelegate.swift in Sources */,
				DD963DE12057652C00A9CC91 /* Post.swift in Sources */,
				DD963DD62057628B00A9CC91 /* Constants.swift in Sources */,
				DD963DDF205764F000A9CC91 /* PostsAPI.swift in Sources */,
				DD963DE32057663500A9CC91 /* User.swift in Sources */,
			);
			runOnlyForDeploymentPostprocessing = 0;
		};
/* End PBXSourcesBuildPhase section */

/* Begin PBXVariantGroup section */
		DD0C0256205754C8007B8DC1 /* LaunchScreen.storyboard */ = {
			isa = PBXVariantGroup;
			children = (
				DD0C0257205754C8007B8DC1 /* Base */,
			);
			name = LaunchScreen.storyboard;
			sourceTree = "<group>";
		};
/* End PBXVariantGroup section */

/* Begin XCBuildConfiguration section */
		DD0C025A205754C8007B8DC1 /* Debug */ = {
			isa = XCBuildConfiguration;
			buildSettings = {
				ALWAYS_SEARCH_USER_PATHS = NO;
				CLANG_ANALYZER_NONNULL = YES;
				CLANG_ANALYZER_NUMBER_OBJECT_CONVERSION = YES_AGGRESSIVE;
				CLANG_CXX_LANGUAGE_STANDARD = "gnu++14";
				CLANG_CXX_LIBRARY = "libc++";
				CLANG_ENABLE_MODULES = YES;
				CLANG_ENABLE_OBJC_ARC = YES;
				CLANG_WARN_BLOCK_CAPTURE_AUTORELEASING = YES;
				CLANG_WARN_BOOL_CONVERSION = YES;
				CLANG_WARN_COMMA = YES;
				CLANG_WARN_CONSTANT_CONVERSION = YES;
				CLANG_WARN_DIRECT_OBJC_ISA_USAGE = YES_ERROR;
				CLANG_WARN_DOCUMENTATION_COMMENTS = YES;
				CLANG_WARN_EMPTY_BODY = YES;
				CLANG_WARN_ENUM_CONVERSION = YES;
				CLANG_WARN_INFINITE_RECURSION = YES;
				CLANG_WARN_INT_CONVERSION = YES;
				CLANG_WARN_NON_LITERAL_NULL_CONVERSION = YES;
				CLANG_WARN_OBJC_LITERAL_CONVERSION = YES;
				CLANG_WARN_OBJC_ROOT_CLASS = YES_ERROR;
				CLANG_WARN_RANGE_LOOP_ANALYSIS = YES;
				CLANG_WARN_STRICT_PROTOTYPES = YES;
				CLANG_WARN_SUSPICIOUS_MOVE = YES;
				CLANG_WARN_UNGUARDED_AVAILABILITY = YES_AGGRESSIVE;
				CLANG_WARN_UNREACHABLE_CODE = YES;
				CLANG_WARN__DUPLICATE_METHOD_MATCH = YES;
				CODE_SIGN_IDENTITY = "iPhone Developer";
				COPY_PHASE_STRIP = NO;
				DEBUG_INFORMATION_FORMAT = dwarf;
				ENABLE_STRICT_OBJC_MSGSEND = YES;
				ENABLE_TESTABILITY = YES;
				GCC_C_LANGUAGE_STANDARD = gnu11;
				GCC_DYNAMIC_NO_PIC = NO;
				GCC_NO_COMMON_BLOCKS = YES;
				GCC_OPTIMIZATION_LEVEL = 0;
				GCC_PREPROCESSOR_DEFINITIONS = (
					"DEBUG=1",
					"$(inherited)",
				);
				GCC_WARN_64_TO_32_BIT_CONVERSION = YES;
				GCC_WARN_ABOUT_RETURN_TYPE = YES_ERROR;
				GCC_WARN_UNDECLARED_SELECTOR = YES;
				GCC_WARN_UNINITIALIZED_AUTOS = YES_AGGRESSIVE;
				GCC_WARN_UNUSED_FUNCTION = YES;
				GCC_WARN_UNUSED_VARIABLE = YES;
				IPHONEOS_DEPLOYMENT_TARGET = 11.2;
				MTL_ENABLE_DEBUG_INFO = YES;
				ONLY_ACTIVE_ARCH = YES;
				SDKROOT = iphoneos;
				SWIFT_ACTIVE_COMPILATION_CONDITIONS = DEBUG;
				SWIFT_OPTIMIZATION_LEVEL = "-Onone";
			};
			name = Debug;
		};
		DD0C025B205754C8007B8DC1 /* Release */ = {
			isa = XCBuildConfiguration;
			buildSettings = {
				ALWAYS_SEARCH_USER_PATHS = NO;
				CLANG_ANALYZER_NONNULL = YES;
				CLANG_ANALYZER_NUMBER_OBJECT_CONVERSION = YES_AGGRESSIVE;
				CLANG_CXX_LANGUAGE_STANDARD = "gnu++14";
				CLANG_CXX_LIBRARY = "libc++";
				CLANG_ENABLE_MODULES = YES;
				CLANG_ENABLE_OBJC_ARC = YES;
				CLANG_WARN_BLOCK_CAPTURE_AUTORELEASING = YES;
				CLANG_WARN_BOOL_CONVERSION = YES;
				CLANG_WARN_COMMA = YES;
				CLANG_WARN_CONSTANT_CONVERSION = YES;
				CLANG_WARN_DIRECT_OBJC_ISA_USAGE = YES_ERROR;
				CLANG_WARN_DOCUMENTATION_COMMENTS = YES;
				CLANG_WARN_EMPTY_BODY = YES;
				CLANG_WARN_ENUM_CONVERSION = YES;
				CLANG_WARN_INFINITE_RECURSION = YES;
				CLANG_WARN_INT_CONVERSION = YES;
				CLANG_WARN_NON_LITERAL_NULL_CONVERSION = YES;
				CLANG_WARN_OBJC_LITERAL_CONVERSION = YES;
				CLANG_WARN_OBJC_ROOT_CLASS = YES_ERROR;
				CLANG_WARN_RANGE_LOOP_ANALYSIS = YES;
				CLANG_WARN_STRICT_PROTOTYPES = YES;
				CLANG_WARN_SUSPICIOUS_MOVE = YES;
				CLANG_WARN_UNGUARDED_AVAILABILITY = YES_AGGRESSIVE;
				CLANG_WARN_UNREACHABLE_CODE = YES;
				CLANG_WARN__DUPLICATE_METHOD_MATCH = YES;
				CODE_SIGN_IDENTITY = "iPhone Developer";
				COPY_PHASE_STRIP = NO;
				DEBUG_INFORMATION_FORMAT = "dwarf-with-dsym";
				ENABLE_NS_ASSERTIONS = NO;
				ENABLE_STRICT_OBJC_MSGSEND = YES;
				GCC_C_LANGUAGE_STANDARD = gnu11;
				GCC_NO_COMMON_BLOCKS = YES;
				GCC_WARN_64_TO_32_BIT_CONVERSION = YES;
				GCC_WARN_ABOUT_RETURN_TYPE = YES_ERROR;
				GCC_WARN_UNDECLARED_SELECTOR = YES;
				GCC_WARN_UNINITIALIZED_AUTOS = YES_AGGRESSIVE;
				GCC_WARN_UNUSED_FUNCTION = YES;
				GCC_WARN_UNUSED_VARIABLE = YES;
				IPHONEOS_DEPLOYMENT_TARGET = 11.2;
				MTL_ENABLE_DEBUG_INFO = NO;
				SDKROOT = iphoneos;
				SWIFT_OPTIMIZATION_LEVEL = "-Owholemodule";
				VALIDATE_PRODUCT = YES;
			};
			name = Release;
		};
		DD0C025D205754C8007B8DC1 /* Debug */ = {
			isa = XCBuildConfiguration;
			baseConfigurationReference = EAB180AC9E5072972A06E1D7 /* Pods-Zemoga.debug.xcconfig */;
			buildSettings = {
				ASSETCATALOG_COMPILER_APPICON_NAME = AppIcon;
				CODE_SIGN_STYLE = Automatic;
				INFOPLIST_FILE = Zemoga/Info.plist;
				LD_RUNPATH_SEARCH_PATHS = "$(inherited) @executable_path/Frameworks";
				PRODUCT_BUNDLE_IDENTIFIER = test.Zemoga;
				PRODUCT_NAME = "$(TARGET_NAME)";
				SWIFT_VERSION = 4.0;
				TARGETED_DEVICE_FAMILY = "1,2";
			};
			name = Debug;
		};
		DD0C025E205754C8007B8DC1 /* Release */ = {
			isa = XCBuildConfiguration;
			baseConfigurationReference = D11CA0D63293ECBE982B7098 /* Pods-Zemoga.release.xcconfig */;
			buildSettings = {
				ASSETCATALOG_COMPILER_APPICON_NAME = AppIcon;
				CODE_SIGN_STYLE = Automatic;
				INFOPLIST_FILE = Zemoga/Info.plist;
				LD_RUNPATH_SEARCH_PATHS = "$(inherited) @executable_path/Frameworks";
				PRODUCT_BUNDLE_IDENTIFIER = test.Zemoga;
				PRODUCT_NAME = "$(TARGET_NAME)";
				SWIFT_VERSION = 4.0;
				TARGETED_DEVICE_FAMILY = "1,2";
			};
			name = Release;
		};
/* End XCBuildConfiguration section */

/* Begin XCConfigurationList section */
		DD0C0245205754C8007B8DC1 /* Build configuration list for PBXProject "Zemoga" */ = {
			isa = XCConfigurationList;
			buildConfigurations = (
				DD0C025A205754C8007B8DC1 /* Debug */,
				DD0C025B205754C8007B8DC1 /* Release */,
			);
			defaultConfigurationIsVisible = 0;
			defaultConfigurationName = Release;
		};
		DD0C025C205754C8007B8DC1 /* Build configuration list for PBXNativeTarget "Zemoga" */ = {
			isa = XCConfigurationList;
			buildConfigurations = (
				DD0C025D205754C8007B8DC1 /* Debug */,
				DD0C025E205754C8007B8DC1 /* Release */,
			);
			defaultConfigurationIsVisible = 0;
			defaultConfigurationName = Release;
		};
/* End XCConfigurationList section */
	};
	rootObject = DD0C0242205754C8007B8DC1 /* Project object */;
}
